
Microsoft Visual Studio Solution File, Format Version 11.00
# Visual Studio 2010
# SharpDevelop 5.1
Project("{FAE04EC0-301F-11D3-BF4B-00C04F79EFBC}") = "jogodaforca", "jogodaforca\jogodaforca.csproj", "{3A37FDB2-BC7D-4169-B3E2-A2106ECE461C}"
EndProject
Global
	GlobalSection(SolutionConfigurationPlatforms) = preSolution
		Debug|Any CPU = Debug|Any CPU
		Release|Any CPU = Release|Any CPU
	EndGlobalSection
	GlobalSection(ProjectConfigurationPlatforms) = postSolution
		{3A37FDB2-BC7D-4169-B3E2-A2106ECE461C}.Debug|Any CPU.ActiveCfg = Debug|Any CPU
		{3A37FDB2-BC7D-4169-B3E2-A2106ECE461C}.Debug|Any CPU.Build.0 = Debug|Any CPU
		{3A37FDB2-BC7D-4169-B3E2-A2106ECE461C}.Release|Any CPU.ActiveCfg = Release|Any CPU
		{3A37FDB2-BC7D-4169-B3E2-A2106ECE461C}.Release|Any CPU.Build.0 = Release|Any CPU
	EndGlobalSection
EndGlobal
